
Microsoft Visual Studio Solution File, Format Version 12.00
# Visual Studio Version 17
VisualStudioVersion = 17.5.33424.131
MinimumVisualStudioVersion = 10.0.40219.1
Project("{FAE04EC0-301F-11D3-BF4B-00C04F79EFBC}") = "MagicVilla_API", "MagicVilla_API\MagicVilla_API.csproj", "{A9DB2316-E8B3-48E3-99D1-715A46686C64}"
EndProject
Global
	GlobalSection(SolutionConfigurationPlatforms) = preSolution
		Debug|Any CPU = Debug|Any CPU
		Release|Any CPU = Release|Any CPU
	EndGlobalSection
	GlobalSection(ProjectConfigurationPlatforms) = postSolution
		{A9DB2316-E8B3-48E3-99D1-715A46686C64}.Debug|Any CPU.ActiveCfg = Debug|Any CPU
		{A9DB2316-E8B3-48E3-99D1-715A46686C64}.Debug|Any CPU.Build.0 = Debug|Any CPU
		{A9DB2316-E8B3-48E3-99D1-715A46686C64}.Release|Any CPU.ActiveCfg = Release|Any CPU
		{A9DB2316-E8B3-48E3-99D1-715A46686C64}.Release|Any CPU.Build.0 = Release|Any CPU
	EndGlobalSection
	GlobalSection(SolutionProperties) = preSolution
		HideSolutionNode = FALSE
	EndGlobalSection
	GlobalSection(ExtensibilityGlobals) = postSolution
		SolutionGuid = {27AC532F-D9C6-4DB9-AF4E-489CF231E1AE}
	EndGlobalSection
EndGlobal
